
Microsoft Visual Studio Solution File, Format Version 12.00
Project("{FAE04EC0-301F-11D3-BF4B-00C04F79EFBC}") = "Lab03", "Lab03\Lab03.csproj", "{7AB93142-4F95-4E6E-AA99-994255B6389F}"
EndProject
Project("{FAE04EC0-301F-11D3-BF4B-00C04F79EFBC}") = "Part1", "Part1\Part1.csproj", "{3604E7E4-7BA6-4B96-B22E-52B3F9E9F937}"
EndProject
Global
	GlobalSection(SolutionConfigurationPlatforms) = preSolution
		Debug|Any CPU = Debug|Any CPU
		Release|Any CPU = Release|Any CPU
	EndGlobalSection
	GlobalSection(ProjectConfigurationPlatforms) = postSolution
		{7AB93142-4F95-4E6E-AA99-994255B6389F}.Debug|Any CPU.ActiveCfg = Debug|Any CPU
		{7AB93142-4F95-4E6E-AA99-994255B6389F}.Debug|Any CPU.Build.0 = Debug|Any CPU
		{7AB93142-4F95-4E6E-AA99-994255B6389F}.Release|Any CPU.ActiveCfg = Release|Any CPU
		{7AB93142-4F95-4E6E-AA99-994255B6389F}.Release|Any CPU.Build.0 = Release|Any CPU
		{3604E7E4-7BA6-4B96-B22E-52B3F9E9F937}.Debug|Any CPU.ActiveCfg = Debug|Any CPU
		{3604E7E4-7BA6-4B96-B22E-52B3F9E9F937}.Debug|Any CPU.Build.0 = Debug|Any CPU
		{3604E7E4-7BA6-4B96-B22E-52B3F9E9F937}.Release|Any CPU.ActiveCfg = Release|Any CPU
		{3604E7E4-7BA6-4B96-B22E-52B3F9E9F937}.Release|Any CPU.Build.0 = Release|Any CPU
	EndGlobalSection
EndGlobal
